// !$*UTF8*$!
{
	archiveVersion = 1;
	classes = {
	};
	objectVersion = 46;
	objects = {

/* Begin PBXBuildFile section */
		931E91A45CDC5B0F9B72AC4A /* Pods_bqmm_ios_sample.framework in Frameworks */ = {isa = PBXBuildFile; fileRef = F81C5593722F3F0A9A8564C4 /* Pods_bqmm_ios_sample.framework */; settings = {ATTRIBUTES = (Weak, ); }; };
		BA9333B51C8D5D9800D2B2B6 /* main.m in Sources */ = {isa = PBXBuildFile; fileRef = BA9333B41C8D5D9800D2B2B6 /* main.m */; };
		BA9333B81C8D5D9800D2B2B6 /* AppDelegate.m in Sources */ = {isa = PBXBuildFile; fileRef = BA9333B71C8D5D9800D2B2B6 /* AppDelegate.m */; };
		BA9333BB1C8D5D9800D2B2B6 /* ViewController.m in Sources */ = {isa = PBXBuildFile; fileRef = BA9333BA1C8D5D9800D2B2B6 /* ViewController.m */; };
		BA9333BE1C8D5D9800D2B2B6 /* Main.storyboard in Resources */ = {isa = PBXBuildFile; fileRef = BA9333BC1C8D5D9800D2B2B6 /* Main.storyboard */; };
		BA9333C01C8D5D9800D2B2B6 /* Assets.xcassets in Resources */ = {isa = PBXBuildFile; fileRef = BA9333BF1C8D5D9800D2B2B6 /* Assets.xcassets */; };
		BA9333C31C8D5D9800D2B2B6 /* LaunchScreen.storyboard in Resources */ = {isa = PBXBuildFile; fileRef = BA9333C11C8D5D9800D2B2B6 /* LaunchScreen.storyboard */; };
		BA9333CD1C8D6A2800D2B2B6 /* MMMessage.m in Sources */ = {isa = PBXBuildFile; fileRef = BA9333CC1C8D6A2800D2B2B6 /* MMMessage.m */; };
		BA9334331C8D6A3200D2B2B6 /* JSQMessagesAssets.bundle in Resources */ = {isa = PBXBuildFile; fileRef = BA9333D01C8D6A3200D2B2B6 /* JSQMessagesAssets.bundle */; };
		BA9334341C8D6A3200D2B2B6 /* JSQSystemSoundPlayer+JSQMessages.m in Sources */ = {isa = PBXBuildFile; fileRef = BA9333D31C8D6A3200D2B2B6 /* JSQSystemSoundPlayer+JSQMessages.m */; };
		BA9334351C8D6A3200D2B2B6 /* NSBundle+JSQMessages.m in Sources */ = {isa = PBXBuildFile; fileRef = BA9333D51C8D6A3200D2B2B6 /* NSBundle+JSQMessages.m */; };
		BA9334361C8D6A3200D2B2B6 /* NSString+JSQMessages.m in Sources */ = {isa = PBXBuildFile; fileRef = BA9333D71C8D6A3200D2B2B6 /* NSString+JSQMessages.m */; };
		BA9334371C8D6A3200D2B2B6 /* UIColor+JSQMessages.m in Sources */ = {isa = PBXBuildFile; fileRef = BA9333D91C8D6A3200D2B2B6 /* UIColor+JSQMessages.m */; };
		BA9334381C8D6A3200D2B2B6 /* UIDevice+JSQMessages.m in Sources */ = {isa = PBXBuildFile; fileRef = BA9333DB1C8D6A3200D2B2B6 /* UIDevice+JSQMessages.m */; };
		BA9334391C8D6A3200D2B2B6 /* UIImage+JSQMessages.m in Sources */ = {isa = PBXBuildFile; fileRef = BA9333DD1C8D6A3200D2B2B6 /* UIImage+JSQMessages.m */; };
		BA93343A1C8D6A3200D2B2B6 /* UIView+JSQMessages.m in Sources */ = {isa = PBXBuildFile; fileRef = BA9333DF1C8D6A3200D2B2B6 /* UIView+JSQMessages.m */; };
		BA93343B1C8D6A3200D2B2B6 /* JSQMessagesKeyboardController.m in Sources */ = {isa = PBXBuildFile; fileRef = BA9333E21C8D6A3200D2B2B6 /* JSQMessagesKeyboardController.m */; };
		BA93343C1C8D6A3200D2B2B6 /* JSQMessagesViewController.m in Sources */ = {isa = PBXBuildFile; fileRef = BA9333E41C8D6A3200D2B2B6 /* JSQMessagesViewController.m */; };
		BA93343D1C8D6A3200D2B2B6 /* JSQMessagesViewController.xib in Resources */ = {isa = PBXBuildFile; fileRef = BA9333E51C8D6A3200D2B2B6 /* JSQMessagesViewController.xib */; };
		BA93343E1C8D6A3200D2B2B6 /* JSQMessagesAvatarImageFactory.m in Sources */ = {isa = PBXBuildFile; fileRef = BA9333E81C8D6A3200D2B2B6 /* JSQMessagesAvatarImageFactory.m */; };
		BA93343F1C8D6A3200D2B2B6 /* JSQMessagesBubbleImageFactory.m in Sources */ = {isa = PBXBuildFile; fileRef = BA9333EA1C8D6A3200D2B2B6 /* JSQMessagesBubbleImageFactory.m */; };
		BA9334401C8D6A3200D2B2B6 /* JSQMessagesMediaViewBubbleImageMasker.m in Sources */ = {isa = PBXBuildFile; fileRef = BA9333EC1C8D6A3200D2B2B6 /* JSQMessagesMediaViewBubbleImageMasker.m */; };
		BA9334411C8D6A3200D2B2B6 /* JSQMessagesTimestampFormatter.m in Sources */ = {isa = PBXBuildFile; fileRef = BA9333EE1C8D6A3200D2B2B6 /* JSQMessagesTimestampFormatter.m */; };
		BA9334421C8D6A3200D2B2B6 /* JSQMessagesToolbarButtonFactory.m in Sources */ = {isa = PBXBuildFile; fileRef = BA9333F01C8D6A3200D2B2B6 /* JSQMessagesToolbarButtonFactory.m */; };
		BA9334431C8D6A3200D2B2B6 /* JSQSystemSoundPlayer.m in Sources */ = {isa = PBXBuildFile; fileRef = BA9333F51C8D6A3200D2B2B6 /* JSQSystemSoundPlayer.m */; };
		BA9334441C8D6A3200D2B2B6 /* JSQMessagesBubblesSizeCalculator.m in Sources */ = {isa = PBXBuildFile; fileRef = BA9333F91C8D6A3200D2B2B6 /* JSQMessagesBubblesSizeCalculator.m */; };
		BA9334451C8D6A3200D2B2B6 /* JSQMessagesCollectionViewFlowLayout.m in Sources */ = {isa = PBXBuildFile; fileRef = BA9333FB1C8D6A3200D2B2B6 /* JSQMessagesCollectionViewFlowLayout.m */; };
		BA9334461C8D6A3200D2B2B6 /* JSQMessagesCollectionViewFlowLayoutInvalidationContext.m in Sources */ = {isa = PBXBuildFile; fileRef = BA9333FD1C8D6A3200D2B2B6 /* JSQMessagesCollectionViewFlowLayoutInvalidationContext.m */; };
		BA9334471C8D6A3200D2B2B6 /* JSQMessagesCollectionViewLayoutAttributes.m in Sources */ = {isa = PBXBuildFile; fileRef = BA9333FF1C8D6A3200D2B2B6 /* JSQMessagesCollectionViewLayoutAttributes.m */; };
		BA9334481C8D6A3200D2B2B6 /* JSQLocationMediaItem.m in Sources */ = {isa = PBXBuildFile; fileRef = BA9334021C8D6A3200D2B2B6 /* JSQLocationMediaItem.m */; };
		BA9334491C8D6A3200D2B2B6 /* JSQMediaItem.m in Sources */ = {isa = PBXBuildFile; fileRef = BA9334041C8D6A3200D2B2B6 /* JSQMediaItem.m */; };
		BA93344A1C8D6A3200D2B2B6 /* JSQMessage.m in Sources */ = {isa = PBXBuildFile; fileRef = BA9334061C8D6A3200D2B2B6 /* JSQMessage.m */; };
		BA93344B1C8D6A3200D2B2B6 /* JSQMessagesAvatarImage.m in Sources */ = {isa = PBXBuildFile; fileRef = BA93340C1C8D6A3200D2B2B6 /* JSQMessagesAvatarImage.m */; };
		BA93344C1C8D6A3200D2B2B6 /* JSQMessagesBubbleImage.m in Sources */ = {isa = PBXBuildFile; fileRef = BA93340E1C8D6A3200D2B2B6 /* JSQMessagesBubbleImage.m */; };
		BA93344D1C8D6A3200D2B2B6 /* JSQPhotoMediaItem.m in Sources */ = {isa = PBXBuildFile; fileRef = BA9334121C8D6A3200D2B2B6 /* JSQPhotoMediaItem.m */; };
		BA93344E1C8D6A3200D2B2B6 /* JSQVideoMediaItem.m in Sources */ = {isa = PBXBuildFile; fileRef = BA9334141C8D6A3200D2B2B6 /* JSQVideoMediaItem.m */; };
		BA93344F1C8D6A3200D2B2B6 /* JSQMessagesCellTextView.m in Sources */ = {isa = PBXBuildFile; fileRef = BA9334171C8D6A3200D2B2B6 /* JSQMessagesCellTextView.m */; };
		BA9334501C8D6A3200D2B2B6 /* JSQMessagesCollectionView.m in Sources */ = {isa = PBXBuildFile; fileRef = BA9334191C8D6A3200D2B2B6 /* JSQMessagesCollectionView.m */; };
		BA9334511C8D6A3200D2B2B6 /* JSQMessagesCollectionViewCell.m in Sources */ = {isa = PBXBuildFile; fileRef = BA93341B1C8D6A3200D2B2B6 /* JSQMessagesCollectionViewCell.m */; };
		BA9334521C8D6A3200D2B2B6 /* JSQMessagesCollectionViewCellIncoming.m in Sources */ = {isa = PBXBuildFile; fileRef = BA93341D1C8D6A3200D2B2B6 /* JSQMessagesCollectionViewCellIncoming.m */; };
		BA9334531C8D6A3200D2B2B6 /* JSQMessagesCollectionViewCellIncoming.xib in Resources */ = {isa = PBXBuildFile; fileRef = BA93341E1C8D6A3200D2B2B6 /* JSQMessagesCollectionViewCellIncoming.xib */; };
		BA9334541C8D6A3200D2B2B6 /* JSQMessagesCollectionViewCellOutgoing.m in Sources */ = {isa = PBXBuildFile; fileRef = BA9334201C8D6A3200D2B2B6 /* JSQMessagesCollectionViewCellOutgoing.m */; };
		BA9334551C8D6A3200D2B2B6 /* JSQMessagesCollectionViewCellOutgoing.xib in Resources */ = {isa = PBXBuildFile; fileRef = BA9334211C8D6A3200D2B2B6 /* JSQMessagesCollectionViewCellOutgoing.xib */; };
		BA9334561C8D6A3200D2B2B6 /* JSQMessagesComposerTextView.m in Sources */ = {isa = PBXBuildFile; fileRef = BA9334231C8D6A3200D2B2B6 /* JSQMessagesComposerTextView.m */; };
		BA9334571C8D6A3200D2B2B6 /* JSQMessagesInputToolbar.m in Sources */ = {isa = PBXBuildFile; fileRef = BA9334251C8D6A3200D2B2B6 /* JSQMessagesInputToolbar.m */; };
		BA9334581C8D6A3200D2B2B6 /* JSQMessagesLabel.m in Sources */ = {isa = PBXBuildFile; fileRef = BA9334271C8D6A3200D2B2B6 /* JSQMessagesLabel.m */; };
		BA9334591C8D6A3200D2B2B6 /* JSQMessagesLoadEarlierHeaderView.m in Sources */ = {isa = PBXBuildFile; fileRef = BA9334291C8D6A3200D2B2B6 /* JSQMessagesLoadEarlierHeaderView.m */; };
		BA93345A1C8D6A3200D2B2B6 /* JSQMessagesLoadEarlierHeaderView.xib in Resources */ = {isa = PBXBuildFile; fileRef = BA93342A1C8D6A3200D2B2B6 /* JSQMessagesLoadEarlierHeaderView.xib */; };
		BA93345B1C8D6A3200D2B2B6 /* JSQMessagesMediaPlaceholderView.m in Sources */ = {isa = PBXBuildFile; fileRef = BA93342C1C8D6A3200D2B2B6 /* JSQMessagesMediaPlaceholderView.m */; };
		BA93345C1C8D6A3200D2B2B6 /* JSQMessagesToolbarContentView.m in Sources */ = {isa = PBXBuildFile; fileRef = BA93342E1C8D6A3200D2B2B6 /* JSQMessagesToolbarContentView.m */; };
		BA93345D1C8D6A3200D2B2B6 /* JSQMessagesToolbarContentView.xib in Resources */ = {isa = PBXBuildFile; fileRef = BA93342F1C8D6A3200D2B2B6 /* JSQMessagesToolbarContentView.xib */; };
		BA93345E1C8D6A3200D2B2B6 /* JSQMessagesTypingIndicatorFooterView.m in Sources */ = {isa = PBXBuildFile; fileRef = BA9334311C8D6A3200D2B2B6 /* JSQMessagesTypingIndicatorFooterView.m */; };
		BA93345F1C8D6A3200D2B2B6 /* JSQMessagesTypingIndicatorFooterView.xib in Resources */ = {isa = PBXBuildFile; fileRef = BA9334321C8D6A3200D2B2B6 /* JSQMessagesTypingIndicatorFooterView.xib */; };
		BA9334611C8D6A7200D2B2B6 /* launchImage.png in Resources */ = {isa = PBXBuildFile; fileRef = BA9334601C8D6A7200D2B2B6 /* launchImage.png */; };
		BA9334641C8D6AEA00D2B2B6 /* DemoModelData.m in Sources */ = {isa = PBXBuildFile; fileRef = BA9334631C8D6AEA00D2B2B6 /* DemoModelData.m */; };
		BA9334671C8D6E9500D2B2B6 /* UIImageView+additions.m in Sources */ = {isa = PBXBuildFile; fileRef = BA9334661C8D6E9500D2B2B6 /* UIImageView+additions.m */; };
/* End PBXBuildFile section */

/* Begin PBXFileReference section */
		6A16D256F90CCF391714F10E /* Pods-bqmm-ios-sample.release.xcconfig */ = {isa = PBXFileReference; includeInIndex = 1; lastKnownFileType = text.xcconfig; name = "Pods-bqmm-ios-sample.release.xcconfig"; path = "Pods/Target Support Files/Pods-bqmm-ios-sample/Pods-bqmm-ios-sample.release.xcconfig"; sourceTree = "<group>"; };
		BA9333B01C8D5D9800D2B2B6 /* bqmm-ios-sample.app */ = {isa = PBXFileReference; explicitFileType = wrapper.application; includeInIndex = 0; path = "bqmm-ios-sample.app"; sourceTree = BUILT_PRODUCTS_DIR; };
		BA9333B41C8D5D9800D2B2B6 /* main.m */ = {isa = PBXFileReference; lastKnownFileType = sourcecode.c.objc; path = main.m; sourceTree = "<group>"; };
		BA9333B61C8D5D9800D2B2B6 /* AppDelegate.h */ = {isa = PBXFileReference; lastKnownFileType = sourcecode.c.h; path = AppDelegate.h; sourceTree = "<group>"; };
		BA9333B71C8D5D9800D2B2B6 /* AppDelegate.m */ = {isa = PBXFileReference; lastKnownFileType = sourcecode.c.objc; path = AppDelegate.m; sourceTree = "<group>"; };
		BA9333B91C8D5D9800D2B2B6 /* ViewController.h */ = {isa = PBXFileReference; lastKnownFileType = sourcecode.c.h; path = ViewController.h; sourceTree = "<group>"; };
		BA9333BA1C8D5D9800D2B2B6 /* ViewController.m */ = {isa = PBXFileReference; lastKnownFileType = sourcecode.c.objc; path = ViewController.m; sourceTree = "<group>"; };
		BA9333BD1C8D5D9800D2B2B6 /* Base */ = {isa = PBXFileReference; lastKnownFileType = file.storyboard; name = Base; path = Base.lproj/Main.storyboard; sourceTree = "<group>"; };
		BA9333BF1C8D5D9800D2B2B6 /* Assets.xcassets */ = {isa = PBXFileReference; lastKnownFileType = folder.assetcatalog; path = Assets.xcassets; sourceTree = "<group>"; };
		BA9333C21C8D5D9800D2B2B6 /* Base */ = {isa = PBXFileReference; lastKnownFileType = file.storyboard; name = Base; path = Base.lproj/LaunchScreen.storyboard; sourceTree = "<group>"; };
		BA9333C41C8D5D9800D2B2B6 /* Info.plist */ = {isa = PBXFileReference; lastKnownFileType = text.plist.xml; path = Info.plist; sourceTree = "<group>"; };
		BA9333CB1C8D6A2800D2B2B6 /* MMMessage.h */ = {isa = PBXFileReference; fileEncoding = 4; lastKnownFileType = sourcecode.c.h; path = MMMessage.h; sourceTree = "<group>"; };
		BA9333CC1C8D6A2800D2B2B6 /* MMMessage.m */ = {isa = PBXFileReference; fileEncoding = 4; lastKnownFileType = sourcecode.c.objc; path = MMMessage.m; sourceTree = "<group>"; };
		BA9333D01C8D6A3200D2B2B6 /* JSQMessagesAssets.bundle */ = {isa = PBXFileReference; lastKnownFileType = "wrapper.plug-in"; path = JSQMessagesAssets.bundle; sourceTree = "<group>"; };
		BA9333D21C8D6A3200D2B2B6 /* JSQSystemSoundPlayer+JSQMessages.h */ = {isa = PBXFileReference; fileEncoding = 4; lastKnownFileType = sourcecode.c.h; path = "JSQSystemSoundPlayer+JSQMessages.h"; sourceTree = "<group>"; };
		BA9333D31C8D6A3200D2B2B6 /* JSQSystemSoundPlayer+JSQMessages.m */ = {isa = PBXFileReference; fileEncoding = 4; lastKnownFileType = sourcecode.c.objc; path = "JSQSystemSoundPlayer+JSQMessages.m"; sourceTree = "<group>"; };
		BA9333D41C8D6A3200D2B2B6 /* NSBundle+JSQMessages.h */ = {isa = PBXFileReference; fileEncoding = 4; lastKnownFileType = sourcecode.c.h; path = "NSBundle+JSQMessages.h"; sourceTree = "<group>"; };
		BA9333D51C8D6A3200D2B2B6 /* NSBundle+JSQMessages.m */ = {isa = PBXFileReference; fileEncoding = 4; lastKnownFileType = sourcecode.c.objc; path = "NSBundle+JSQMessages.m"; sourceTree = "<group>"; };
		BA9333D61C8D6A3200D2B2B6 /* NSString+JSQMessages.h */ = {isa = PBXFileReference; fileEncoding = 4; lastKnownFileType = sourcecode.c.h; path = "NSString+JSQMessages.h"; sourceTree = "<group>"; };
		BA9333D71C8D6A3200D2B2B6 /* NSString+JSQMessages.m */ = {isa = PBXFileReference; fileEncoding = 4; lastKnownFileType = sourcecode.c.objc; path = "NSString+JSQMessages.m"; sourceTree = "<group>"; };
		BA9333D81C8D6A3200D2B2B6 /* UIColor+JSQMessages.h */ = {isa = PBXFileReference; fileEncoding = 4; lastKnownFileType = sourcecode.c.h; path = "UIColor+JSQMessages.h"; sourceTree = "<group>"; };
		BA9333D91C8D6A3200D2B2B6 /* UIColor+JSQMessages.m */ = {isa = PBXFileReference; fileEncoding = 4; lastKnownFileType = sourcecode.c.objc; path = "UIColor+JSQMessages.m"; sourceTree = "<group>"; };
		BA9333DA1C8D6A3200D2B2B6 /* UIDevice+JSQMessages.h */ = {isa = PBXFileReference; fileEncoding = 4; lastKnownFileType = sourcecode.c.h; path = "UIDevice+JSQMessages.h"; sourceTree = "<group>"; };
		BA9333DB1C8D6A3200D2B2B6 /* UIDevice+JSQMessages.m */ = {isa = PBXFileReference; fileEncoding = 4; lastKnownFileType = sourcecode.c.objc; path = "UIDevice+JSQMessages.m"; sourceTree = "<group>"; };
		BA9333DC1C8D6A3200D2B2B6 /* UIImage+JSQMessages.h */ = {isa = PBXFileReference; fileEncoding = 4; lastKnownFileType = sourcecode.c.h; path = "UIImage+JSQMessages.h"; sourceTree = "<group>"; };
		BA9333DD1C8D6A3200D2B2B6 /* UIImage+JSQMessages.m */ = {isa = PBXFileReference; fileEncoding = 4; lastKnownFileType = sourcecode.c.objc; path = "UIImage+JSQMessages.m"; sourceTree = "<group>"; };
		BA9333DE1C8D6A3200D2B2B6 /* UIView+JSQMessages.h */ = {isa = PBXFileReference; fileEncoding = 4; lastKnownFileType = sourcecode.c.h; path = "UIView+JSQMessages.h"; sourceTree = "<group>"; };
		BA9333DF1C8D6A3200D2B2B6 /* UIView+JSQMessages.m */ = {isa = PBXFileReference; fileEncoding = 4; lastKnownFileType = sourcecode.c.objc; path = "UIView+JSQMessages.m"; sourceTree = "<group>"; };
		BA9333E11C8D6A3200D2B2B6 /* JSQMessagesKeyboardController.h */ = {isa = PBXFileReference; fileEncoding = 4; lastKnownFileType = sourcecode.c.h; path = JSQMessagesKeyboardController.h; sourceTree = "<group>"; };
		BA9333E21C8D6A3200D2B2B6 /* JSQMessagesKeyboardController.m */ = {isa = PBXFileReference; fileEncoding = 4; lastKnownFileType = sourcecode.c.objc; path = JSQMessagesKeyboardController.m; sourceTree = "<group>"; };
		BA9333E31C8D6A3200D2B2B6 /* JSQMessagesViewController.h */ = {isa = PBXFileReference; fileEncoding = 4; lastKnownFileType = sourcecode.c.h; path = JSQMessagesViewController.h; sourceTree = "<group>"; };
		BA9333E41C8D6A3200D2B2B6 /* JSQMessagesViewController.m */ = {isa = PBXFileReference; fileEncoding = 4; lastKnownFileType = sourcecode.c.objc; path = JSQMessagesViewController.m; sourceTree = "<group>"; };
		BA9333E51C8D6A3200D2B2B6 /* JSQMessagesViewController.xib */ = {isa = PBXFileReference; fileEncoding = 4; lastKnownFileType = file.xib; path = JSQMessagesViewController.xib; sourceTree = "<group>"; };
		BA9333E71C8D6A3200D2B2B6 /* JSQMessagesAvatarImageFactory.h */ = {isa = PBXFileReference; fileEncoding = 4; lastKnownFileType = sourcecode.c.h; path = JSQMessagesAvatarImageFactory.h; sourceTree = "<group>"; };
		BA9333E81C8D6A3200D2B2B6 /* JSQMessagesAvatarImageFactory.m */ = {isa = PBXFileReference; fileEncoding = 4; lastKnownFileType = sourcecode.c.objc; path = JSQMessagesAvatarImageFactory.m; sourceTree = "<group>"; };
		BA9333E91C8D6A3200D2B2B6 /* JSQMessagesBubbleImageFactory.h */ = {isa = PBXFileReference; fileEncoding = 4; lastKnownFileType = sourcecode.c.h; path = JSQMessagesBubbleImageFactory.h; sourceTree = "<group>"; };
		BA9333EA1C8D6A3200D2B2B6 /* JSQMessagesBubbleImageFactory.m */ = {isa = PBXFileReference; fileEncoding = 4; lastKnownFileType = sourcecode.c.objc; path = JSQMessagesBubbleImageFactory.m; sourceTree = "<group>"; };
		BA9333EB1C8D6A3200D2B2B6 /* JSQMessagesMediaViewBubbleImageMasker.h */ = {isa = PBXFileReference; fileEncoding = 4; lastKnownFileType = sourcecode.c.h; path = JSQMessagesMediaViewBubbleImageMasker.h; sourceTree = "<group>"; };
		BA9333EC1C8D6A3200D2B2B6 /* JSQMessagesMediaViewBubbleImageMasker.m */ = {isa = PBXFileReference; fileEncoding = 4; lastKnownFileType = sourcecode.c.objc; path = JSQMessagesMediaViewBubbleImageMasker.m; sourceTree = "<group>"; };
		BA9333ED1C8D6A3200D2B2B6 /* JSQMessagesTimestampFormatter.h */ = {isa = PBXFileReference; fileEncoding = 4; lastKnownFileType = sourcecode.c.h; path = JSQMessagesTimestampFormatter.h; sourceTree = "<group>"; };
		BA9333EE1C8D6A3200D2B2B6 /* JSQMessagesTimestampFormatter.m */ = {isa = PBXFileReference; fileEncoding = 4; lastKnownFileType = sourcecode.c.objc; path = JSQMessagesTimestampFormatter.m; sourceTree = "<group>"; };
		BA9333EF1C8D6A3200D2B2B6 /* JSQMessagesToolbarButtonFactory.h */ = {isa = PBXFileReference; fileEncoding = 4; lastKnownFileType = sourcecode.c.h; path = JSQMessagesToolbarButtonFactory.h; sourceTree = "<group>"; };
		BA9333F01C8D6A3200D2B2B6 /* JSQMessagesToolbarButtonFactory.m */ = {isa = PBXFileReference; fileEncoding = 4; lastKnownFileType = sourcecode.c.objc; path = JSQMessagesToolbarButtonFactory.m; sourceTree = "<group>"; };
		BA9333F11C8D6A3200D2B2B6 /* JSQMessages.h */ = {isa = PBXFileReference; fileEncoding = 4; lastKnownFileType = sourcecode.c.h; path = JSQMessages.h; sourceTree = "<group>"; };
		BA9333F41C8D6A3200D2B2B6 /* JSQSystemSoundPlayer.h */ = {isa = PBXFileReference; fileEncoding = 4; lastKnownFileType = sourcecode.c.h; path = JSQSystemSoundPlayer.h; sourceTree = "<group>"; };
		BA9333F51C8D6A3200D2B2B6 /* JSQSystemSoundPlayer.m */ = {isa = PBXFileReference; fileEncoding = 4; lastKnownFileType = sourcecode.c.objc; path = JSQSystemSoundPlayer.m; sourceTree = "<group>"; };
		BA9333F71C8D6A3200D2B2B6 /* JSQMessagesBubbleSizeCalculating.h */ = {isa = PBXFileReference; fileEncoding = 4; lastKnownFileType = sourcecode.c.h; path = JSQMessagesBubbleSizeCalculating.h; sourceTree = "<group>"; };
		BA9333F81C8D6A3200D2B2B6 /* JSQMessagesBubblesSizeCalculator.h */ = {isa = PBXFileReference; fileEncoding = 4; lastKnownFileType = sourcecode.c.h; path = JSQMessagesBubblesSizeCalculator.h; sourceTree = "<group>"; };
		BA9333F91C8D6A3200D2B2B6 /* JSQMessagesBubblesSizeCalculator.m */ = {isa = PBXFileReference; fileEncoding = 4; lastKnownFileType = sourcecode.c.objc; path = JSQMessagesBubblesSizeCalculator.m; sourceTree = "<group>"; };
		BA9333FA1C8D6A3200D2B2B6 /* JSQMessagesCollectionViewFlowLayout.h */ = {isa = PBXFileReference; fileEncoding = 4; lastKnownFileType = sourcecode.c.h; path = JSQMessagesCollectionViewFlowLayout.h; sourceTree = "<group>"; };
		BA9333FB1C8D6A3200D2B2B6 /* JSQMessagesCollectionViewFlowLayout.m */ = {isa = PBXFileReference; fileEncoding = 4; lastKnownFileType = sourcecode.c.objc; path = JSQMessagesCollectionViewFlowLayout.m; sourceTree = "<group>"; };
		BA9333FC1C8D6A3200D2B2B6 /* JSQMessagesCollectionViewFlowLayoutInvalidationContext.h */ = {isa = PBXFileReference; fileEncoding = 4; lastKnownFileType = sourcecode.c.h; path = JSQMessagesCollectionViewFlowLayoutInvalidationContext.h; sourceTree = "<group>"; };
		BA9333FD1C8D6A3200D2B2B6 /* JSQMessagesCollectionViewFlowLayoutInvalidationContext.m */ = {isa = PBXFileReference; fileEncoding = 4; lastKnownFileType = sourcecode.c.objc; path = JSQMessagesCollectionViewFlowLayoutInvalidationContext.m; sourceTree = "<group>"; };
		BA9333FE1C8D6A3200D2B2B6 /* JSQMessagesCollectionViewLayoutAttributes.h */ = {isa = PBXFileReference; fileEncoding = 4; lastKnownFileType = sourcecode.c.h; path = JSQMessagesCollectionViewLayoutAttributes.h; sourceTree = "<group>"; };
		BA9333FF1C8D6A3200D2B2B6 /* JSQMessagesCollectionViewLayoutAttributes.m */ = {isa = PBXFileReference; fileEncoding = 4; lastKnownFileType = sourcecode.c.objc; path = JSQMessagesCollectionViewLayoutAttributes.m; sourceTree = "<group>"; };
		BA9334011C8D6A3200D2B2B6 /* JSQLocationMediaItem.h */ = {isa = PBXFileReference; fileEncoding = 4; lastKnownFileType = sourcecode.c.h; path = JSQLocationMediaItem.h; sourceTree = "<group>"; };
		BA9334021C8D6A3200D2B2B6 /* JSQLocationMediaItem.m */ = {isa = PBXFileReference; fileEncoding = 4; lastKnownFileType = sourcecode.c.objc; path = JSQLocationMediaItem.m; sourceTree = "<group>"; };
		BA9334031C8D6A3200D2B2B6 /* JSQMediaItem.h */ = {isa = PBXFileReference; fileEncoding = 4; lastKnownFileType = sourcecode.c.h; path = JSQMediaItem.h; sourceTree = "<group>"; };
		BA9334041C8D6A3200D2B2B6 /* JSQMediaItem.m */ = {isa = PBXFileReference; fileEncoding = 4; lastKnownFileType = sourcecode.c.objc; path = JSQMediaItem.m; sourceTree = "<group>"; };
		BA9334051C8D6A3200D2B2B6 /* JSQMessage.h */ = {isa = PBXFileReference; fileEncoding = 4; lastKnownFileType = sourcecode.c.h; path = JSQMessage.h; sourceTree = "<group>"; };
		BA9334061C8D6A3200D2B2B6 /* JSQMessage.m */ = {isa = PBXFileReference; fileEncoding = 4; lastKnownFileType = sourcecode.c.objc; path = JSQMessage.m; sourceTree = "<group>"; };
		BA9334071C8D6A3200D2B2B6 /* JSQMessageAvatarImageDataSource.h */ = {isa = PBXFileReference; fileEncoding = 4; lastKnownFileType = sourcecode.c.h; path = JSQMessageAvatarImageDataSource.h; sourceTree = "<group>"; };
		BA9334081C8D6A3200D2B2B6 /* JSQMessageBubbleImageDataSource.h */ = {isa = PBXFileReference; fileEncoding = 4; lastKnownFileType = sourcecode.c.h; path = JSQMessageBubbleImageDataSource.h; sourceTree = "<group>"; };
		BA9334091C8D6A3200D2B2B6 /* JSQMessageData.h */ = {isa = PBXFileReference; fileEncoding = 4; lastKnownFileType = sourcecode.c.h; path = JSQMessageData.h; sourceTree = "<group>"; };
		BA93340A1C8D6A3200D2B2B6 /* JSQMessageMediaData.h */ = {isa = PBXFileReference; fileEncoding = 4; lastKnownFileType = sourcecode.c.h; path = JSQMessageMediaData.h; sourceTree = "<group>"; };
		BA93340B1C8D6A3200D2B2B6 /* JSQMessagesAvatarImage.h */ = {isa = PBXFileReference; fileEncoding = 4; lastKnownFileType = sourcecode.c.h; path = JSQMessagesAvatarImage.h; sourceTree = "<group>"; };
		BA93340C1C8D6A3200D2B2B6 /* JSQMessagesAvatarImage.m */ = {isa = PBXFileReference; fileEncoding = 4; lastKnownFileType = sourcecode.c.objc; path = JSQMessagesAvatarImage.m; sourceTree = "<group>"; };
		BA93340D1C8D6A3200D2B2B6 /* JSQMessagesBubbleImage.h */ = {isa = PBXFileReference; fileEncoding = 4; lastKnownFileType = sourcecode.c.h; path = JSQMessagesBubbleImage.h; sourceTree = "<group>"; };
		BA93340E1C8D6A3200D2B2B6 /* JSQMessagesBubbleImage.m */ = {isa = PBXFileReference; fileEncoding = 4; lastKnownFileType = sourcecode.c.objc; path = JSQMessagesBubbleImage.m; sourceTree = "<group>"; };
		BA93340F1C8D6A3200D2B2B6 /* JSQMessagesCollectionViewDataSource.h */ = {isa = PBXFileReference; fileEncoding = 4; lastKnownFileType = sourcecode.c.h; path = JSQMessagesCollectionViewDataSource.h; sourceTree = "<group>"; };
		BA9334101C8D6A3200D2B2B6 /* JSQMessagesCollectionViewDelegateFlowLayout.h */ = {isa = PBXFileReference; fileEncoding = 4; lastKnownFileType = sourcecode.c.h; path = JSQMessagesCollectionViewDelegateFlowLayout.h; sourceTree = "<group>"; };
		BA9334111C8D6A3200D2B2B6 /* JSQPhotoMediaItem.h */ = {isa = PBXFileReference; fileEncoding = 4; lastKnownFileType = sourcecode.c.h; path = JSQPhotoMediaItem.h; sourceTree = "<group>"; };
		BA9334121C8D6A3200D2B2B6 /* JSQPhotoMediaItem.m */ = {isa = PBXFileReference; fileEncoding = 4; lastKnownFileType = sourcecode.c.objc; path = JSQPhotoMediaItem.m; sourceTree = "<group>"; };
		BA9334131C8D6A3200D2B2B6 /* JSQVideoMediaItem.h */ = {isa = PBXFileReference; fileEncoding = 4; lastKnownFileType = sourcecode.c.h; path = JSQVideoMediaItem.h; sourceTree = "<group>"; };
		BA9334141C8D6A3200D2B2B6 /* JSQVideoMediaItem.m */ = {isa = PBXFileReference; fileEncoding = 4; lastKnownFileType = sourcecode.c.objc; path = JSQVideoMediaItem.m; sourceTree = "<group>"; };
		BA9334161C8D6A3200D2B2B6 /* JSQMessagesCellTextView.h */ = {isa = PBXFileReference; fileEncoding = 4; lastKnownFileType = sourcecode.c.h; path = JSQMessagesCellTextView.h; sourceTree = "<group>"; };
		BA9334171C8D6A3200D2B2B6 /* JSQMessagesCellTextView.m */ = {isa = PBXFileReference; fileEncoding = 4; lastKnownFileType = sourcecode.c.objc; path = JSQMessagesCellTextView.m; sourceTree = "<group>"; };
		BA9334181C8D6A3200D2B2B6 /* JSQMessagesCollectionView.h */ = {isa = PBXFileReference; fileEncoding = 4; lastKnownFileType = sourcecode.c.h; path = JSQMessagesCollectionView.h; sourceTree = "<group>"; };
		BA9334191C8D6A3200D2B2B6 /* JSQMessagesCollectionView.m */ = {isa = PBXFileReference; fileEncoding = 4; lastKnownFileType = sourcecode.c.objc; path = JSQMessagesCollectionView.m; sourceTree = "<group>"; };
		BA93341A1C8D6A3200D2B2B6 /* JSQMessagesCollectionViewCell.h */ = {isa = PBXFileReference; fileEncoding = 4; lastKnownFileType = sourcecode.c.h; path = JSQMessagesCollectionViewCell.h; sourceTree = "<group>"; };
		BA93341B1C8D6A3200D2B2B6 /* JSQMessagesCollectionViewCell.m */ = {isa = PBXFileReference; fileEncoding = 4; lastKnownFileType = sourcecode.c.objc; path = JSQMessagesCollectionViewCell.m; sourceTree = "<group>"; };
		BA93341C1C8D6A3200D2B2B6 /* JSQMessagesCollectionViewCellIncoming.h */ = {isa = PBXFileReference; fileEncoding = 4; lastKnownFileType = sourcecode.c.h; path = JSQMessagesCollectionViewCellIncoming.h; sourceTree = "<group>"; };
		BA93341D1C8D6A3200D2B2B6 /* JSQMessagesCollectionViewCellIncoming.m */ = {isa = PBXFileReference; fileEncoding = 4; lastKnownFileType = sourcecode.c.objc; path = JSQMessagesCollectionViewCellIncoming.m; sourceTree = "<group>"; };
		BA93341E1C8D6A3200D2B2B6 /* JSQMessagesCollectionViewCellIncoming.xib */ = {isa = PBXFileReference; fileEncoding = 4; lastKnownFileType = file.xib; path = JSQMessagesCollectionViewCellIncoming.xib; sourceTree = "<group>"; };
		BA93341F1C8D6A3200D2B2B6 /* JSQMessagesCollectionViewCellOutgoing.h */ = {isa = PBXFileReference; fileEncoding = 4; lastKnownFileType = sourcecode.c.h; path = JSQMessagesCollectionViewCellOutgoing.h; sourceTree = "<group>"; };
		BA9334201C8D6A3200D2B2B6 /* JSQMessagesCollectionViewCellOutgoing.m */ = {isa = PBXFileReference; fileEncoding = 4; lastKnownFileType = sourcecode.c.objc; path = JSQMessagesCollectionViewCellOutgoing.m; sourceTree = "<group>"; };
		BA9334211C8D6A3200D2B2B6 /* JSQMessagesCollectionViewCellOutgoing.xib */ = {isa = PBXFileReference; fileEncoding = 4; lastKnownFileType = file.xib; path = JSQMessagesCollectionViewCellOutgoing.xib; sourceTree = "<group>"; };
		BA9334221C8D6A3200D2B2B6 /* JSQMessagesComposerTextView.h */ = {isa = PBXFileReference; fileEncoding = 4; lastKnownFileType = sourcecode.c.h; path = JSQMessagesComposerTextView.h; sourceTree = "<group>"; };
		BA9334231C8D6A3200D2B2B6 /* JSQMessagesComposerTextView.m */ = {isa = PBXFileReference; fileEncoding = 4; lastKnownFileType = sourcecode.c.objc; path = JSQMessagesComposerTextView.m; sourceTree = "<group>"; };
		BA9334241C8D6A3200D2B2B6 /* JSQMessagesInputToolbar.h */ = {isa = PBXFileReference; fileEncoding = 4; lastKnownFileType = sourcecode.c.h; path = JSQMessagesInputToolbar.h; sourceTree = "<group>"; };
		BA9334251C8D6A3200D2B2B6 /* JSQMessagesInputToolbar.m */ = {isa = PBXFileReference; fileEncoding = 4; lastKnownFileType = sourcecode.c.objc; path = JSQMessagesInputToolbar.m; sourceTree = "<group>"; };
		BA9334261C8D6A3200D2B2B6 /* JSQMessagesLabel.h */ = {isa = PBXFileReference; fileEncoding = 4; lastKnownFileType = sourcecode.c.h; path = JSQMessagesLabel.h; sourceTree = "<group>"; };
		BA9334271C8D6A3200D2B2B6 /* JSQMessagesLabel.m */ = {isa = PBXFileReference; fileEncoding = 4; lastKnownFileType = sourcecode.c.objc; path = JSQMessagesLabel.m; sourceTree = "<group>"; };
		BA9334281C8D6A3200D2B2B6 /* JSQMessagesLoadEarlierHeaderView.h */ = {isa = PBXFileReference; fileEncoding = 4; lastKnownFileType = sourcecode.c.h; path = JSQMessagesLoadEarlierHeaderView.h; sourceTree = "<group>"; };
		BA9334291C8D6A3200D2B2B6 /* JSQMessagesLoadEarlierHeaderView.m */ = {isa = PBXFileReference; fileEncoding = 4; lastKnownFileType = sourcecode.c.objc; path = JSQMessagesLoadEarlierHeaderView.m; sourceTree = "<group>"; };
		BA93342A1C8D6A3200D2B2B6 /* JSQMessagesLoadEarlierHeaderView.xib */ = {isa = PBXFileReference; fileEncoding = 4; lastKnownFileType = file.xib; path = JSQMessagesLoadEarlierHeaderView.xib; sourceTree = "<group>"; };
		BA93342B1C8D6A3200D2B2B6 /* JSQMessagesMediaPlaceholderView.h */ = {isa = PBXFileReference; fileEncoding = 4; lastKnownFileType = sourcecode.c.h; path = JSQMessagesMediaPlaceholderView.h; sourceTree = "<group>"; };
		BA93342C1C8D6A3200D2B2B6 /* JSQMessagesMediaPlaceholderView.m */ = {isa = PBXFileReference; fileEncoding = 4; lastKnownFileType = sourcecode.c.objc; path = JSQMessagesMediaPlaceholderView.m; sourceTree = "<group>"; };
		BA93342D1C8D6A3200D2B2B6 /* JSQMessagesToolbarContentView.h */ = {isa = PBXFileReference; fileEncoding = 4; lastKnownFileType = sourcecode.c.h; path = JSQMessagesToolbarContentView.h; sourceTree = "<group>"; };
		BA93342E1C8D6A3200D2B2B6 /* JSQMessagesToolbarContentView.m */ = {isa = PBXFileReference; fileEncoding = 4; lastKnownFileType = sourcecode.c.objc; path = JSQMessagesToolbarContentView.m; sourceTree = "<group>"; };
		BA93342F1C8D6A3200D2B2B6 /* JSQMessagesToolbarContentView.xib */ = {isa = PBXFileReference; fileEncoding = 4; lastKnownFileType = file.xib; path = JSQMessagesToolbarContentView.xib; sourceTree = "<group>"; };
		BA9334301C8D6A3200D2B2B6 /* JSQMessagesTypingIndicatorFooterView.h */ = {isa = PBXFileReference; fileEncoding = 4; lastKnownFileType = sourcecode.c.h; path = JSQMessagesTypingIndicatorFooterView.h; sourceTree = "<group>"; };
		BA9334311C8D6A3200D2B2B6 /* JSQMessagesTypingIndicatorFooterView.m */ = {isa = PBXFileReference; fileEncoding = 4; lastKnownFileType = sourcecode.c.objc; path = JSQMessagesTypingIndicatorFooterView.m; sourceTree = "<group>"; };
		BA9334321C8D6A3200D2B2B6 /* JSQMessagesTypingIndicatorFooterView.xib */ = {isa = PBXFileReference; fileEncoding = 4; lastKnownFileType = file.xib; path = JSQMessagesTypingIndicatorFooterView.xib; sourceTree = "<group>"; };
		BA9334601C8D6A7200D2B2B6 /* launchImage.png */ = {isa = PBXFileReference; lastKnownFileType = image.png; path = launchImage.png; sourceTree = "<group>"; };
		BA9334621C8D6AEA00D2B2B6 /* DemoModelData.h */ = {isa = PBXFileReference; fileEncoding = 4; lastKnownFileType = sourcecode.c.h; path = DemoModelData.h; sourceTree = "<group>"; };
		BA9334631C8D6AEA00D2B2B6 /* DemoModelData.m */ = {isa = PBXFileReference; fileEncoding = 4; lastKnownFileType = sourcecode.c.objc; path = DemoModelData.m; sourceTree = "<group>"; };
		BA9334651C8D6E9500D2B2B6 /* UIImageView+additions.h */ = {isa = PBXFileReference; fileEncoding = 4; lastKnownFileType = sourcecode.c.h; path = "UIImageView+additions.h"; sourceTree = "<group>"; };
		BA9334661C8D6E9500D2B2B6 /* UIImageView+additions.m */ = {isa = PBXFileReference; fileEncoding = 4; lastKnownFileType = sourcecode.c.objc; path = "UIImageView+additions.m"; sourceTree = "<group>"; };
		BB2856C8E976333A1D7434BC /* Pods-bqmm-ios-sample.debug.xcconfig */ = {isa = PBXFileReference; includeInIndex = 1; lastKnownFileType = text.xcconfig; name = "Pods-bqmm-ios-sample.debug.xcconfig"; path = "Pods/Target Support Files/Pods-bqmm-ios-sample/Pods-bqmm-ios-sample.debug.xcconfig"; sourceTree = "<group>"; };
		F81C5593722F3F0A9A8564C4 /* Pods_bqmm_ios_sample.framework */ = {isa = PBXFileReference; explicitFileType = wrapper.framework; includeInIndex = 0; path = Pods_bqmm_ios_sample.framework; sourceTree = BUILT_PRODUCTS_DIR; };
/* End PBXFileReference section */

/* Begin PBXFrameworksBuildPhase section */
		BA9333AD1C8D5D9800D2B2B6 /* Frameworks */ = {
			isa = PBXFrameworksBuildPhase;
			buildActionMask = 2147483647;
			files = (
				931E91A45CDC5B0F9B72AC4A /* Pods_bqmm_ios_sample.framework in Frameworks */,
			);
			runOnlyForDeploymentPostprocessing = 0;
		};
/* End PBXFrameworksBuildPhase section */

/* Begin PBXGroup section */
		17D0BF75934919DFCE8B3DB9 /* Frameworks */ = {
			isa = PBXGroup;
			children = (
				F81C5593722F3F0A9A8564C4 /* Pods_bqmm_ios_sample.framework */,
			);
			name = Frameworks;
			sourceTree = "<group>";
		};
		BA9333A71C8D5D9800D2B2B6 = {
			isa = PBXGroup;
			children = (
				BA9333B21C8D5D9800D2B2B6 /* bqmm-ios-sample */,
				BA9333B11C8D5D9800D2B2B6 /* Products */,
				EFC2C58CBDBFBBE279748A04 /* Pods */,
				17D0BF75934919DFCE8B3DB9 /* Frameworks */,
			);
			sourceTree = "<group>";
		};
		BA9333B11C8D5D9800D2B2B6 /* Products */ = {
			isa = PBXGroup;
			children = (
				BA9333B01C8D5D9800D2B2B6 /* bqmm-ios-sample.app */,
			);
			name = Products;
			sourceTree = "<group>";
		};
		BA9333B21C8D5D9800D2B2B6 /* bqmm-ios-sample */ = {
			isa = PBXGroup;
			children = (
				BA9334601C8D6A7200D2B2B6 /* launchImage.png */,
				BA9333CE1C8D6A3200D2B2B6 /* JSQMessagesViewController */,
				BA9333CA1C8D6A1800D2B2B6 /* Models */,
				BA9333B61C8D5D9800D2B2B6 /* AppDelegate.h */,
				BA9333B71C8D5D9800D2B2B6 /* AppDelegate.m */,
				BA9333B91C8D5D9800D2B2B6 /* ViewController.h */,
				BA9333BA1C8D5D9800D2B2B6 /* ViewController.m */,
				BA9334621C8D6AEA00D2B2B6 /* DemoModelData.h */,
				BA9334631C8D6AEA00D2B2B6 /* DemoModelData.m */,
				BA9333BC1C8D5D9800D2B2B6 /* Main.storyboard */,
				BA9333BF1C8D5D9800D2B2B6 /* Assets.xcassets */,
				BA9333C11C8D5D9800D2B2B6 /* LaunchScreen.storyboard */,
				BA9333C41C8D5D9800D2B2B6 /* Info.plist */,
				BA9333B31C8D5D9800D2B2B6 /* Supporting Files */,
				BA9334651C8D6E9500D2B2B6 /* UIImageView+additions.h */,
				BA9334661C8D6E9500D2B2B6 /* UIImageView+additions.m */,
			);
			path = "bqmm-ios-sample";
			sourceTree = "<group>";
		};
		BA9333B31C8D5D9800D2B2B6 /* Supporting Files */ = {
			isa = PBXGroup;
			children = (
				BA9333B41C8D5D9800D2B2B6 /* main.m */,
			);
			name = "Supporting Files";
			sourceTree = "<group>";
		};
		BA9333CA1C8D6A1800D2B2B6 /* Models */ = {
			isa = PBXGroup;
			children = (
				BA9333CB1C8D6A2800D2B2B6 /* MMMessage.h */,
				BA9333CC1C8D6A2800D2B2B6 /* MMMessage.m */,
			);
			name = Models;
			sourceTree = "<group>";
		};
		BA9333CE1C8D6A3200D2B2B6 /* JSQMessagesViewController */ = {
			isa = PBXGroup;
			children = (
				BA9333CF1C8D6A3200D2B2B6 /* Assets */,
				BA9333D11C8D6A3200D2B2B6 /* Categories */,
				BA9333E01C8D6A3200D2B2B6 /* Controllers */,
				BA9333E61C8D6A3200D2B2B6 /* Factories */,
				BA9333F11C8D6A3200D2B2B6 /* JSQMessages.h */,
				BA9333F21C8D6A3200D2B2B6 /* JSQSystemSoundPlayer */,
				BA9333F61C8D6A3200D2B2B6 /* Layout */,
				BA9334001C8D6A3200D2B2B6 /* Model */,
				BA9334151C8D6A3200D2B2B6 /* Views */,
			);
			path = JSQMessagesViewController;
			sourceTree = "<group>";
		};
		BA9333CF1C8D6A3200D2B2B6 /* Assets */ = {
			isa = PBXGroup;
			children = (
				BA9333D01C8D6A3200D2B2B6 /* JSQMessagesAssets.bundle */,
			);
			path = Assets;
			sourceTree = "<group>";
		};
		BA9333D11C8D6A3200D2B2B6 /* Categories */ = {
			isa = PBXGroup;
			children = (
				BA9333D21C8D6A3200D2B2B6 /* JSQSystemSoundPlayer+JSQMessages.h */,
				BA9333D31C8D6A3200D2B2B6 /* JSQSystemSoundPlayer+JSQMessages.m */,
				BA9333D41C8D6A3200D2B2B6 /* NSBundle+JSQMessages.h */,
				BA9333D51C8D6A3200D2B2B6 /* NSBundle+JSQMessages.m */,
				BA9333D61C8D6A3200D2B2B6 /* NSString+JSQMessages.h */,
				BA9333D71C8D6A3200D2B2B6 /* NSString+JSQMessages.m */,
				BA9333D81C8D6A3200D2B2B6 /* UIColor+JSQMessages.h */,
				BA9333D91C8D6A3200D2B2B6 /* UIColor+JSQMessages.m */,
				BA9333DA1C8D6A3200D2B2B6 /* UIDevice+JSQMessages.h */,
				BA9333DB1C8D6A3200D2B2B6 /* UIDevice+JSQMessages.m */,
				BA9333DC1C8D6A3200D2B2B6 /* UIImage+JSQMessages.h */,
				BA9333DD1C8D6A3200D2B2B6 /* UIImage+JSQMessages.m */,
				BA9333DE1C8D6A3200D2B2B6 /* UIView+JSQMessages.h */,
				BA9333DF1C8D6A3200D2B2B6 /* UIView+JSQMessages.m */,
			);
			path = Categories;
			sourceTree = "<group>";
		};
		BA9333E01C8D6A3200D2B2B6 /* Controllers */ = {
			isa = PBXGroup;
			children = (
				BA9333E11C8D6A3200D2B2B6 /* JSQMessagesKeyboardController.h */,
				BA9333E21C8D6A3200D2B2B6 /* JSQMessagesKeyboardController.m */,
				BA9333E31C8D6A3200D2B2B6 /* JSQMessagesViewController.h */,
				BA9333E41C8D6A3200D2B2B6 /* JSQMessagesViewController.m */,
				BA9333E51C8D6A3200D2B2B6 /* JSQMessagesViewController.xib */,
			);
			path = Controllers;
			sourceTree = "<group>";
		};
		BA9333E61C8D6A3200D2B2B6 /* Factories */ = {
			isa = PBXGroup;
			children = (
				BA9333E71C8D6A3200D2B2B6 /* JSQMessagesAvatarImageFactory.h */,
				BA9333E81C8D6A3200D2B2B6 /* JSQMessagesAvatarImageFactory.m */,
				BA9333E91C8D6A3200D2B2B6 /* JSQMessagesBubbleImageFactory.h */,
				BA9333EA1C8D6A3200D2B2B6 /* JSQMessagesBubbleImageFactory.m */,
				BA9333EB1C8D6A3200D2B2B6 /* JSQMessagesMediaViewBubbleImageMasker.h */,
				BA9333EC1C8D6A3200D2B2B6 /* JSQMessagesMediaViewBubbleImageMasker.m */,
				BA9333ED1C8D6A3200D2B2B6 /* JSQMessagesTimestampFormatter.h */,
				BA9333EE1C8D6A3200D2B2B6 /* JSQMessagesTimestampFormatter.m */,
				BA9333EF1C8D6A3200D2B2B6 /* JSQMessagesToolbarButtonFactory.h */,
				BA9333F01C8D6A3200D2B2B6 /* JSQMessagesToolbarButtonFactory.m */,
			);
			path = Factories;
			sourceTree = "<group>";
		};
		BA9333F21C8D6A3200D2B2B6 /* JSQSystemSoundPlayer */ = {
			isa = PBXGroup;
			children = (
				BA9333F31C8D6A3200D2B2B6 /* Classes */,
			);
			path = JSQSystemSoundPlayer;
			sourceTree = "<group>";
		};
		BA9333F31C8D6A3200D2B2B6 /* Classes */ = {
			isa = PBXGroup;
			children = (
				BA9333F41C8D6A3200D2B2B6 /* JSQSystemSoundPlayer.h */,
				BA9333F51C8D6A3200D2B2B6 /* JSQSystemSoundPlayer.m */,
			);
			path = Classes;
			sourceTree = "<group>";
		};
		BA9333F61C8D6A3200D2B2B6 /* Layout */ = {
			isa = PBXGroup;
			children = (
				BA9333F71C8D6A3200D2B2B6 /* JSQMessagesBubbleSizeCalculating.h */,
				BA9333F81C8D6A3200D2B2B6 /* JSQMessagesBubblesSizeCalculator.h */,
				BA9333F91C8D6A3200D2B2B6 /* JSQMessagesBubblesSizeCalculator.m */,
				BA9333FA1C8D6A3200D2B2B6 /* JSQMessagesCollectionViewFlowLayout.h */,
				BA9333FB1C8D6A3200D2B2B6 /* JSQMessagesCollectionViewFlowLayout.m */,
				BA9333FC1C8D6A3200D2B2B6 /* JSQMessagesCollectionViewFlowLayoutInvalidationContext.h */,
				BA9333FD1C8D6A3200D2B2B6 /* JSQMessagesCollectionViewFlowLayoutInvalidationContext.m */,
				BA9333FE1C8D6A3200D2B2B6 /* JSQMessagesCollectionViewLayoutAttributes.h */,
				BA9333FF1C8D6A3200D2B2B6 /* JSQMessagesCollectionViewLayoutAttributes.m */,
			);
			path = Layout;
			sourceTree = "<group>";
		};
		BA9334001C8D6A3200D2B2B6 /* Model */ = {
			isa = PBXGroup;
			children = (
				BA9334011C8D6A3200D2B2B6 /* JSQLocationMediaItem.h */,
				BA9334021C8D6A3200D2B2B6 /* JSQLocationMediaItem.m */,
				BA9334031C8D6A3200D2B2B6 /* JSQMediaItem.h */,
				BA9334041C8D6A3200D2B2B6 /* JSQMediaItem.m */,
				BA9334051C8D6A3200D2B2B6 /* JSQMessage.h */,
				BA9334061C8D6A3200D2B2B6 /* JSQMessage.m */,
				BA9334071C8D6A3200D2B2B6 /* JSQMessageAvatarImageDataSource.h */,
				BA9334081C8D6A3200D2B2B6 /* JSQMessageBubbleImageDataSource.h */,
				BA9334091C8D6A3200D2B2B6 /* JSQMessageData.h */,
				BA93340A1C8D6A3200D2B2B6 /* JSQMessageMediaData.h */,
				BA93340B1C8D6A3200D2B2B6 /* JSQMessagesAvatarImage.h */,
				BA93340C1C8D6A3200D2B2B6 /* JSQMessagesAvatarImage.m */,
				BA93340D1C8D6A3200D2B2B6 /* JSQMessagesBubbleImage.h */,
				BA93340E1C8D6A3200D2B2B6 /* JSQMessagesBubbleImage.m */,
				BA93340F1C8D6A3200D2B2B6 /* JSQMessagesCollectionViewDataSource.h */,
				BA9334101C8D6A3200D2B2B6 /* JSQMessagesCollectionViewDelegateFlowLayout.h */,
				BA9334111C8D6A3200D2B2B6 /* JSQPhotoMediaItem.h */,
				BA9334121C8D6A3200D2B2B6 /* JSQPhotoMediaItem.m */,
				BA9334131C8D6A3200D2B2B6 /* JSQVideoMediaItem.h */,
				BA9334141C8D6A3200D2B2B6 /* JSQVideoMediaItem.m */,
			);
			path = Model;
			sourceTree = "<group>";
		};
		BA9334151C8D6A3200D2B2B6 /* Views */ = {
			isa = PBXGroup;
			children = (
				BA9334161C8D6A3200D2B2B6 /* JSQMessagesCellTextView.h */,
				BA9334171C8D6A3200D2B2B6 /* JSQMessagesCellTextView.m */,
				BA9334181C8D6A3200D2B2B6 /* JSQMessagesCollectionView.h */,
				BA9334191C8D6A3200D2B2B6 /* JSQMessagesCollectionView.m */,
				BA93341A1C8D6A3200D2B2B6 /* JSQMessagesCollectionViewCell.h */,
				BA93341B1C8D6A3200D2B2B6 /* JSQMessagesCollectionViewCell.m */,
				BA93341C1C8D6A3200D2B2B6 /* JSQMessagesCollectionViewCellIncoming.h */,
				BA93341D1C8D6A3200D2B2B6 /* JSQMessagesCollectionViewCellIncoming.m */,
				BA93341E1C8D6A3200D2B2B6 /* JSQMessagesCollectionViewCellIncoming.xib */,
				BA93341F1C8D6A3200D2B2B6 /* JSQMessagesCollectionViewCellOutgoing.h */,
				BA9334201C8D6A3200D2B2B6 /* JSQMessagesCollectionViewCellOutgoing.m */,
				BA9334211C8D6A3200D2B2B6 /* JSQMessagesCollectionViewCellOutgoing.xib */,
				BA9334221C8D6A3200D2B2B6 /* JSQMessagesComposerTextView.h */,
				BA9334231C8D6A3200D2B2B6 /* JSQMessagesComposerTextView.m */,
				BA9334241C8D6A3200D2B2B6 /* JSQMessagesInputToolbar.h */,
				BA9334251C8D6A3200D2B2B6 /* JSQMessagesInputToolbar.m */,
				BA9334261C8D6A3200D2B2B6 /* JSQMessagesLabel.h */,
				BA9334271C8D6A3200D2B2B6 /* JSQMessagesLabel.m */,
				BA9334281C8D6A3200D2B2B6 /* JSQMessagesLoadEarlierHeaderView.h */,
				BA9334291C8D6A3200D2B2B6 /* JSQMessagesLoadEarlierHeaderView.m */,
				BA93342A1C8D6A3200D2B2B6 /* JSQMessagesLoadEarlierHeaderView.xib */,
				BA93342B1C8D6A3200D2B2B6 /* JSQMessagesMediaPlaceholderView.h */,
				BA93342C1C8D6A3200D2B2B6 /* JSQMessagesMediaPlaceholderView.m */,
				BA93342D1C8D6A3200D2B2B6 /* JSQMessagesToolbarContentView.h */,
				BA93342E1C8D6A3200D2B2B6 /* JSQMessagesToolbarContentView.m */,
				BA93342F1C8D6A3200D2B2B6 /* JSQMessagesToolbarContentView.xib */,
				BA9334301C8D6A3200D2B2B6 /* JSQMessagesTypingIndicatorFooterView.h */,
				BA9334311C8D6A3200D2B2B6 /* JSQMessagesTypingIndicatorFooterView.m */,
				BA9334321C8D6A3200D2B2B6 /* JSQMessagesTypingIndicatorFooterView.xib */,
			);
			path = Views;
			sourceTree = "<group>";
		};
		EFC2C58CBDBFBBE279748A04 /* Pods */ = {
			isa = PBXGroup;
			children = (
				BB2856C8E976333A1D7434BC /* Pods-bqmm-ios-sample.debug.xcconfig */,
				6A16D256F90CCF391714F10E /* Pods-bqmm-ios-sample.release.xcconfig */,
			);
			name = Pods;
			sourceTree = "<group>";
		};
/* End PBXGroup section */

/* Begin PBXNativeTarget section */
		BA9333AF1C8D5D9800D2B2B6 /* bqmm-ios-sample */ = {
			isa = PBXNativeTarget;
			buildConfigurationList = BA9333C71C8D5D9800D2B2B6 /* Build configuration list for PBXNativeTarget "bqmm-ios-sample" */;
			buildPhases = (
				12974F613108FB750DA6ECC6 /* Check Pods Manifest.lock */,
				BA9333AC1C8D5D9800D2B2B6 /* Sources */,
				BA9333AD1C8D5D9800D2B2B6 /* Frameworks */,
				BA9333AE1C8D5D9800D2B2B6 /* Resources */,
				16AD5DEDD43FC2F84FFBA9E8 /* Embed Pods Frameworks */,
				79AAC529016A11D46243D6B9 /* Copy Pods Resources */,
			);
			buildRules = (
			);
			dependencies = (
			);
			name = "bqmm-ios-sample";
			productName = "bqmm-ios-sample";
			productReference = BA9333B01C8D5D9800D2B2B6 /* bqmm-ios-sample.app */;
			productType = "com.apple.product-type.application";
		};
/* End PBXNativeTarget section */

/* Begin PBXProject section */
		BA9333A81C8D5D9800D2B2B6 /* Project object */ = {
			isa = PBXProject;
			attributes = {
				LastUpgradeCheck = 0720;
				ORGANIZATIONNAME = siyanhui;
				TargetAttributes = {
					BA9333AF1C8D5D9800D2B2B6 = {
						CreatedOnToolsVersion = 7.2.1;
					};
				};
			};
			buildConfigurationList = BA9333AB1C8D5D9800D2B2B6 /* Build configuration list for PBXProject "bqmm-ios-sample" */;
			compatibilityVersion = "Xcode 3.2";
			developmentRegion = English;
			hasScannedForEncodings = 0;
			knownRegions = (
				en,
				Base,
			);
			mainGroup = BA9333A71C8D5D9800D2B2B6;
			productRefGroup = BA9333B11C8D5D9800D2B2B6 /* Products */;
			projectDirPath = "";
			projectRoot = "";
			targets = (
				BA9333AF1C8D5D9800D2B2B6 /* bqmm-ios-sample */,
			);
		};
/* End PBXProject section */

/* Begin PBXResourcesBuildPhase section */
		BA9333AE1C8D5D9800D2B2B6 /* Resources */ = {
			isa = PBXResourcesBuildPhase;
			buildActionMask = 2147483647;
			files = (
				BA9333C31C8D5D9800D2B2B6 /* LaunchScreen.storyboard in Resources */,
				BA93345F1C8D6A3200D2B2B6 /* JSQMessagesTypingIndicatorFooterView.xib in Resources */,
				BA9334331C8D6A3200D2B2B6 /* JSQMessagesAssets.bundle in Resources */,
				BA9333C01C8D5D9800D2B2B6 /* Assets.xcassets in Resources */,
				BA93345A1C8D6A3200D2B2B6 /* JSQMessagesLoadEarlierHeaderView.xib in Resources */,
				BA9334551C8D6A3200D2B2B6 /* JSQMessagesCollectionViewCellOutgoing.xib in Resources */,
				BA9333BE1C8D5D9800D2B2B6 /* Main.storyboard in Resources */,
				BA9334611C8D6A7200D2B2B6 /* launchImage.png in Resources */,
				BA93343D1C8D6A3200D2B2B6 /* JSQMessagesViewController.xib in Resources */,
				BA9334531C8D6A3200D2B2B6 /* JSQMessagesCollectionViewCellIncoming.xib in Resources */,
				BA93345D1C8D6A3200D2B2B6 /* JSQMessagesToolbarContentView.xib in Resources */,
			);
			runOnlyForDeploymentPostprocessing = 0;
		};
/* End PBXResourcesBuildPhase section */

/* Begin PBXShellScriptBuildPhase section */
		12974F613108FB750DA6ECC6 /* Check Pods Manifest.lock */ = {
			isa = PBXShellScriptBuildPhase;
			buildActionMask = 2147483647;
			files = (
			);
			inputPaths = (
			);
			name = "Check Pods Manifest.lock";
			outputPaths = (
			);
			runOnlyForDeploymentPostprocessing = 0;
			shellPath = /bin/sh;
			shellScript = "diff \"${PODS_ROOT}/../Podfile.lock\" \"${PODS_ROOT}/Manifest.lock\" > /dev/null\nif [[ $? != 0 ]] ; then\n    cat << EOM\nerror: The sandbox is not in sync with the Podfile.lock. Run 'pod install' or update your CocoaPods installation.\nEOM\n    exit 1\nfi\n";
			showEnvVarsInLog = 0;
		};
		16AD5DEDD43FC2F84FFBA9E8 /* Embed Pods Frameworks */ = {
			isa = PBXShellScriptBuildPhase;
			buildActionMask = 2147483647;
			files = (
			);
			inputPaths = (
			);
			name = "Embed Pods Frameworks";
			outputPaths = (
			);
			runOnlyForDeploymentPostprocessing = 0;
			shellPath = /bin/sh;
			shellScript = "\"${SRCROOT}/Pods/Target Support Files/Pods-bqmm-ios-sample/Pods-bqmm-ios-sample-frameworks.sh\"\n";
			showEnvVarsInLog = 0;
		};
		79AAC529016A11D46243D6B9 /* Copy Pods Resources */ = {
			isa = PBXShellScriptBuildPhase;
			buildActionMask = 2147483647;
			files = (
			);
			inputPaths = (
			);
			name = "Copy Pods Resources";
			outputPaths = (
			);
			runOnlyForDeploymentPostprocessing = 0;
			shellPath = /bin/sh;
			shellScript = "\"${SRCROOT}/Pods/Target Support Files/Pods-bqmm-ios-sample/Pods-bqmm-ios-sample-resources.sh\"\n";
			showEnvVarsInLog = 0;
		};
/* End PBXShellScriptBuildPhase section */

/* Begin PBXSourcesBuildPhase section */
		BA9333AC1C8D5D9800D2B2B6 /* Sources */ = {
			isa = PBXSourcesBuildPhase;
			buildActionMask = 2147483647;
			files = (
				BA9333BB1C8D5D9800D2B2B6 /* ViewController.m in Sources */,
				BA93345E1C8D6A3200D2B2B6 /* JSQMessagesTypingIndicatorFooterView.m in Sources */,
				BA9334491C8D6A3200D2B2B6 /* JSQMediaItem.m in Sources */,
				BA93344A1C8D6A3200D2B2B6 /* JSQMessage.m in Sources */,
				BA9334501C8D6A3200D2B2B6 /* JSQMessagesCollectionView.m in Sources */,
				BA9334461C8D6A3200D2B2B6 /* JSQMessagesCollectionViewFlowLayoutInvalidationContext.m in Sources */,
				BA93343B1C8D6A3200D2B2B6 /* JSQMessagesKeyboardController.m in Sources */,
				BA9334561C8D6A3200D2B2B6 /* JSQMessagesComposerTextView.m in Sources */,
				BA9333CD1C8D6A2800D2B2B6 /* MMMessage.m in Sources */,
				BA93344E1C8D6A3200D2B2B6 /* JSQVideoMediaItem.m in Sources */,
				BA9334581C8D6A3200D2B2B6 /* JSQMessagesLabel.m in Sources */,
				BA9334441C8D6A3200D2B2B6 /* JSQMessagesBubblesSizeCalculator.m in Sources */,
				BA9334421C8D6A3200D2B2B6 /* JSQMessagesToolbarButtonFactory.m in Sources */,
				BA9334541C8D6A3200D2B2B6 /* JSQMessagesCollectionViewCellOutgoing.m in Sources */,
				BA93344F1C8D6A3200D2B2B6 /* JSQMessagesCellTextView.m in Sources */,
				BA9334431C8D6A3200D2B2B6 /* JSQSystemSoundPlayer.m in Sources */,
				BA9334361C8D6A3200D2B2B6 /* NSString+JSQMessages.m in Sources */,
				BA9334411C8D6A3200D2B2B6 /* JSQMessagesTimestampFormatter.m in Sources */,
				BA9334341C8D6A3200D2B2B6 /* JSQSystemSoundPlayer+JSQMessages.m in Sources */,
				BA93344C1C8D6A3200D2B2B6 /* JSQMessagesBubbleImage.m in Sources */,
				BA9334571C8D6A3200D2B2B6 /* JSQMessagesInputToolbar.m in Sources */,
				BA9334401C8D6A3200D2B2B6 /* JSQMessagesMediaViewBubbleImageMasker.m in Sources */,
				BA9334641C8D6AEA00D2B2B6 /* DemoModelData.m in Sources */,
				BA93345C1C8D6A3200D2B2B6 /* JSQMessagesToolbarContentView.m in Sources */,
				BA9334471C8D6A3200D2B2B6 /* JSQMessagesCollectionViewLayoutAttributes.m in Sources */,
				BA93343C1C8D6A3200D2B2B6 /* JSQMessagesViewController.m in Sources */,
				BA93343A1C8D6A3200D2B2B6 /* UIView+JSQMessages.m in Sources */,
				BA93345B1C8D6A3200D2B2B6 /* JSQMessagesMediaPlaceholderView.m in Sources */,
				BA9334591C8D6A3200D2B2B6 /* JSQMessagesLoadEarlierHeaderView.m in Sources */,
				BA9333B81C8D5D9800D2B2B6 /* AppDelegate.m in Sources */,
				BA9334481C8D6A3200D2B2B6 /* JSQLocationMediaItem.m in Sources */,
				BA9334381C8D6A3200D2B2B6 /* UIDevice+JSQMessages.m in Sources */,
				BA9334671C8D6E9500D2B2B6 /* UIImageView+additions.m in Sources */,
				BA9333B51C8D5D9800D2B2B6 /* main.m in Sources */,
				BA93343E1C8D6A3200D2B2B6 /* JSQMessagesAvatarImageFactory.m in Sources */,
				BA9334371C8D6A3200D2B2B6 /* UIColor+JSQMessages.m in Sources */,
				BA9334511C8D6A3200D2B2B6 /* JSQMessagesCollectionViewCell.m in Sources */,
				BA9334521C8D6A3200D2B2B6 /* JSQMessagesCollectionViewCellIncoming.m in Sources */,
				BA93344D1C8D6A3200D2B2B6 /* JSQPhotoMediaItem.m in Sources */,
				BA9334391C8D6A3200D2B2B6 /* UIImage+JSQMessages.m in Sources */,
				BA9334451C8D6A3200D2B2B6 /* JSQMessagesCollectionViewFlowLayout.m in Sources */,
				BA93343F1C8D6A3200D2B2B6 /* JSQMessagesBubbleImageFactory.m in Sources */,
				BA93344B1C8D6A3200D2B2B6 /* JSQMessagesAvatarImage.m in Sources */,
				BA9334351C8D6A3200D2B2B6 /* NSBundle+JSQMessages.m in Sources */,
			);
			runOnlyForDeploymentPostprocessing = 0;
		};
/* End PBXSourcesBuildPhase section */

/* Begin PBXVariantGroup section */
		BA9333BC1C8D5D9800D2B2B6 /* Main.storyboard */ = {
			isa = PBXVariantGroup;
			children = (
				BA9333BD1C8D5D9800D2B2B6 /* Base */,
			);
			name = Main.storyboard;
			sourceTree = "<group>";
		};
		BA9333C11C8D5D9800D2B2B6 /* LaunchScreen.storyboard */ = {
			isa = PBXVariantGroup;
			children = (
				BA9333C21C8D5D9800D2B2B6 /* Base */,
			);
			name = LaunchScreen.storyboard;
			sourceTree = "<group>";
		};
/* End PBXVariantGroup section */

/* Begin XCBuildConfiguration section */
		BA9333C51C8D5D9800D2B2B6 /* Debug */ = {
			isa = XCBuildConfiguration;
			buildSettings = {
				ALWAYS_SEARCH_USER_PATHS = NO;
				CLANG_CXX_LANGUAGE_STANDARD = "gnu++0x";
				CLANG_CXX_LIBRARY = "libc++";
				CLANG_ENABLE_MODULES = YES;
				CLANG_ENABLE_OBJC_ARC = YES;
				CLANG_WARN_BOOL_CONVERSION = YES;
				CLANG_WARN_CONSTANT_CONVERSION = YES;
				CLANG_WARN_DIRECT_OBJC_ISA_USAGE = YES_ERROR;
				CLANG_WARN_EMPTY_BODY = YES;
				CLANG_WARN_ENUM_CONVERSION = YES;
				CLANG_WARN_INT_CONVERSION = YES;
				CLANG_WARN_OBJC_ROOT_CLASS = YES_ERROR;
				CLANG_WARN_UNREACHABLE_CODE = YES;
				CLANG_WARN__DUPLICATE_METHOD_MATCH = YES;
				"CODE_SIGN_IDENTITY[sdk=iphoneos*]" = "iPhone Developer";
				COPY_PHASE_STRIP = NO;
				DEBUG_INFORMATION_FORMAT = dwarf;
				ENABLE_STRICT_OBJC_MSGSEND = YES;
				ENABLE_TESTABILITY = YES;
				GCC_C_LANGUAGE_STANDARD = gnu99;
				GCC_DYNAMIC_NO_PIC = NO;
				GCC_NO_COMMON_BLOCKS = YES;
				GCC_OPTIMIZATION_LEVEL = 0;
				GCC_PREPROCESSOR_DEFINITIONS = (
					"DEBUG=1",
					"$(inherited)",
				);
				GCC_WARN_64_TO_32_BIT_CONVERSION = YES;
				GCC_WARN_ABOUT_RETURN_TYPE = YES_ERROR;
				GCC_WARN_UNDECLARED_SELECTOR = YES;
				GCC_WARN_UNINITIALIZED_AUTOS = YES_AGGRESSIVE;
				GCC_WARN_UNUSED_FUNCTION = YES;
				GCC_WARN_UNUSED_VARIABLE = YES;
				IPHONEOS_DEPLOYMENT_TARGET = 9.2;
				MTL_ENABLE_DEBUG_INFO = YES;
				ONLY_ACTIVE_ARCH = YES;
				SDKROOT = iphoneos;
			};
			name = Debug;
		};
		BA9333C61C8D5D9800D2B2B6 /* Release */ = {
			isa = XCBuildConfiguration;
			buildSettings = {
				ALWAYS_SEARCH_USER_PATHS = NO;
				CLANG_CXX_LANGUAGE_STANDARD = "gnu++0x";
				CLANG_CXX_LIBRARY = "libc++";
				CLANG_ENABLE_MODULES = YES;
				CLANG_ENABLE_OBJC_ARC = YES;
				CLANG_WARN_BOOL_CONVERSION = YES;
				CLANG_WARN_CONSTANT_CONVERSION = YES;
				CLANG_WARN_DIRECT_OBJC_ISA_USAGE = YES_ERROR;
				CLANG_WARN_EMPTY_BODY = YES;
				CLANG_WARN_ENUM_CONVERSION = YES;
				CLANG_WARN_INT_CONVERSION = YES;
				CLANG_WARN_OBJC_ROOT_CLASS = YES_ERROR;
				CLANG_WARN_UNREACHABLE_CODE = YES;
				CLANG_WARN__DUPLICATE_METHOD_MATCH = YES;
				"CODE_SIGN_IDENTITY[sdk=iphoneos*]" = "iPhone Developer";
				COPY_PHASE_STRIP = NO;
				DEBUG_INFORMATION_FORMAT = "dwarf-with-dsym";
				ENABLE_NS_ASSERTIONS = NO;
				ENABLE_STRICT_OBJC_MSGSEND = YES;
				GCC_C_LANGUAGE_STANDARD = gnu99;
				GCC_NO_COMMON_BLOCKS = YES;
				GCC_WARN_64_TO_32_BIT_CONVERSION = YES;
				GCC_WARN_ABOUT_RETURN_TYPE = YES_ERROR;
				GCC_WARN_UNDECLARED_SELECTOR = YES;
				GCC_WARN_UNINITIALIZED_AUTOS = YES_AGGRESSIVE;
				GCC_WARN_UNUSED_FUNCTION = YES;
				GCC_WARN_UNUSED_VARIABLE = YES;
				IPHONEOS_DEPLOYMENT_TARGET = 9.2;
				MTL_ENABLE_DEBUG_INFO = NO;
				SDKROOT = iphoneos;
				VALIDATE_PRODUCT = YES;
			};
			name = Release;
		};
		BA9333C81C8D5D9800D2B2B6 /* Debug */ = {
			isa = XCBuildConfiguration;
			baseConfigurationReference = BB2856C8E976333A1D7434BC /* Pods-bqmm-ios-sample.debug.xcconfig */;
			buildSettings = {
				ASSETCATALOG_COMPILER_APPICON_NAME = AppIcon;
				INFOPLIST_FILE = "bqmm-ios-sample/Info.plist";
				LD_RUNPATH_SEARCH_PATHS = "$(inherited) @executable_path/Frameworks";
				PRODUCT_BUNDLE_IDENTIFIER = "com.siyanhui.bqmm-ios-sample";
				PRODUCT_NAME = "$(TARGET_NAME)";
			};
			name = Debug;
		};
		BA9333C91C8D5D9800D2B2B6 /* Release */ = {
			isa = XCBuildConfiguration;
			baseConfigurationReference = 6A16D256F90CCF391714F10E /* Pods-bqmm-ios-sample.release.xcconfig */;
			buildSettings = {
				ASSETCATALOG_COMPILER_APPICON_NAME = AppIcon;
				INFOPLIST_FILE = "bqmm-ios-sample/Info.plist";
				LD_RUNPATH_SEARCH_PATHS = "$(inherited) @executable_path/Frameworks";
				PRODUCT_BUNDLE_IDENTIFIER = "com.siyanhui.bqmm-ios-sample";
				PRODUCT_NAME = "$(TARGET_NAME)";
			};
			name = Release;
		};
/* End XCBuildConfiguration section */

/* Begin XCConfigurationList section */
		BA9333AB1C8D5D9800D2B2B6 /* Build configuration list for PBXProject "bqmm-ios-sample" */ = {
			isa = XCConfigurationList;
			buildConfigurations = (
				BA9333C51C8D5D9800D2B2B6 /* Debug */,
				BA9333C61C8D5D9800D2B2B6 /* Release */,
			);
			defaultConfigurationIsVisible = 0;
			defaultConfigurationName = Release;
		};
		BA9333C71C8D5D9800D2B2B6 /* Build configuration list for PBXNativeTarget "bqmm-ios-sample" */ = {
			isa = XCConfigurationList;
			buildConfigurations = (
				BA9333C81C8D5D9800D2B2B6 /* Debug */,
				BA9333C91C8D5D9800D2B2B6 /* Release */,
			);
			defaultConfigurationIsVisible = 0;
			defaultConfigurationName = Release;
		};
/* End XCConfigurationList section */
	};
	rootObject = BA9333A81C8D5D9800D2B2B6 /* Project object */;
}
